
Microsoft Visual Studio Solution File, Format Version 12.00
# Visual Studio 2012
Project("{FAE04EC0-301F-11D3-BF4B-00C04F79EFBC}") = "Resort ERP", "Resort ERP.csproj", "{A850C8C5-80D0-4449-B154-25F4EF812510}"
EndProject
Global
	GlobalSection(SolutionConfigurationPlatforms) = preSolution
		Debug|x86 = Debug|x86
		Release|x86 = Release|x86
	EndGlobalSection
	GlobalSection(ProjectConfigurationPlatforms) = postSolution
		{A850C8C5-80D0-4449-B154-25F4EF812510}.Debug|x86.ActiveCfg = Debug|x86
		{A850C8C5-80D0-4449-B154-25F4EF812510}.Debug|x86.Build.0 = Debug|x86
		{A850C8C5-80D0-4449-B154-25F4EF812510}.Release|x86.ActiveCfg = Release|x86
		{A850C8C5-80D0-4449-B154-25F4EF812510}.Release|x86.Build.0 = Release|x86
	EndGlobalSection
	GlobalSection(SolutionProperties) = preSolution
		HideSolutionNode = FALSE
	EndGlobalSection
EndGlobal
